// !$*UTF8*$!
{
	archiveVersion = 1;
	classes = {
	};
	objectVersion = 50;
	objects = {

/* Begin PBXBuildFile section */
		3AA74B0625826DD000EEC24E /* AppDelegate.swift in Sources */ = {isa = PBXBuildFile; fileRef = 3AA74B0525826DD000EEC24E /* AppDelegate.swift */; };
		3AA74B0825826DD000EEC24E /* SceneDelegate.swift in Sources */ = {isa = PBXBuildFile; fileRef = 3AA74B0725826DD000EEC24E /* SceneDelegate.swift */; };
		3AA74B0A25826DD000EEC24E /* ContentView.swift in Sources */ = {isa = PBXBuildFile; fileRef = 3AA74B0925826DD000EEC24E /* ContentView.swift */; };
		3AA74B0C25826DD100EEC24E /* Assets.xcassets in Resources */ = {isa = PBXBuildFile; fileRef = 3AA74B0B25826DD100EEC24E /* Assets.xcassets */; };
		3AA74B0F25826DD100EEC24E /* Preview Assets.xcassets in Resources */ = {isa = PBXBuildFile; fileRef = 3AA74B0E25826DD100EEC24E /* Preview Assets.xcassets */; };
		3AA74B1225826DD100EEC24E /* LaunchScreen.storyboard in Resources */ = {isa = PBXBuildFile; fileRef = 3AA74B1025826DD100EEC24E /* LaunchScreen.storyboard */; };
		3AA74B1C2582A83D00EEC24E /* NetworkManager.swift in Sources */ = {isa = PBXBuildFile; fileRef = 3AA74B1B2582A83D00EEC24E /* NetworkManager.swift */; };
		3AA74B2025836D6B00EEC24E /* NewsList.swift in Sources */ = {isa = PBXBuildFile; fileRef = 3AA74B1F25836D6B00EEC24E /* NewsList.swift */; };
		3AA74B262583D50300EEC24E /* DetailView.swift in Sources */ = {isa = PBXBuildFile; fileRef = 3AA74B252583D50200EEC24E /* DetailView.swift */; };
		3AA74B2D2583E2B400EEC24E /* WebView.swift in Sources */ = {isa = PBXBuildFile; fileRef = 3AA74B2C2583E2B400EEC24E /* WebView.swift */; };
/* End PBXBuildFile section */

/* Begin PBXFileReference section */
		3AA74B0225826DD000EEC24E /* YCombinator News Reader.app */ = {isa = PBXFileReference; explicitFileType = wrapper.application; includeInIndex = 0; path = "YCombinator News Reader.app"; sourceTree = BUILT_PRODUCTS_DIR; };
		3AA74B0525826DD000EEC24E /* AppDelegate.swift */ = {isa = PBXFileReference; lastKnownFileType = sourcecode.swift; path = AppDelegate.swift; sourceTree = "<group>"; };
		3AA74B0725826DD000EEC24E /* SceneDelegate.swift */ = {isa = PBXFileReference; lastKnownFileType = sourcecode.swift; path = SceneDelegate.swift; sourceTree = "<group>"; };
		3AA74B0925826DD000EEC24E /* ContentView.swift */ = {isa = PBXFileReference; lastKnownFileType = sourcecode.swift; path = ContentView.swift; sourceTree = "<group>"; };
		3AA74B0B25826DD100EEC24E /* Assets.xcassets */ = {isa = PBXFileReference; lastKnownFileType = folder.assetcatalog; path = Assets.xcassets; sourceTree = "<group>"; };
		3AA74B0E25826DD100EEC24E /* Preview Assets.xcassets */ = {isa = PBXFileReference; lastKnownFileType = folder.assetcatalog; path = "Preview Assets.xcassets"; sourceTree = "<group>"; };
		3AA74B1125826DD100EEC24E /* Base */ = {isa = PBXFileReference; lastKnownFileType = file.storyboard; name = Base; path = Base.lproj/LaunchScreen.storyboard; sourceTree = "<group>"; };
		3AA74B1325826DD100EEC24E /* Info.plist */ = {isa = PBXFileReference; lastKnownFileType = text.plist.xml; path = Info.plist; sourceTree = "<group>"; };
		3AA74B1B2582A83D00EEC24E /* NetworkManager.swift */ = {isa = PBXFileReference; lastKnownFileType = sourcecode.swift; path = NetworkManager.swift; sourceTree = "<group>"; };
		3AA74B1F25836D6B00EEC24E /* NewsList.swift */ = {isa = PBXFileReference; lastKnownFileType = sourcecode.swift; path = NewsList.swift; sourceTree = "<group>"; };
		3AA74B252583D50200EEC24E /* DetailView.swift */ = {isa = PBXFileReference; lastKnownFileType = sourcecode.swift; path = DetailView.swift; sourceTree = "<group>"; };
		3AA74B2C2583E2B400EEC24E /* WebView.swift */ = {isa = PBXFileReference; lastKnownFileType = sourcecode.swift; path = WebView.swift; sourceTree = "<group>"; };
/* End PBXFileReference section */

/* Begin PBXFrameworksBuildPhase section */
		3AA74AFF25826DD000EEC24E /* Frameworks */ = {
			isa = PBXFrameworksBuildPhase;
			buildActionMask = 2147483647;
			files = (
			);
			runOnlyForDeploymentPostprocessing = 0;
		};
/* End PBXFrameworksBuildPhase section */

/* Begin PBXGroup section */
		3AA74AF925826DD000EEC24E = {
			isa = PBXGroup;
			children = (
				3AA74B0425826DD000EEC24E /* YCombinator News Reader */,
				3AA74B0325826DD000EEC24E /* Products */,
			);
			sourceTree = "<group>";
		};
		3AA74B0325826DD000EEC24E /* Products */ = {
			isa = PBXGroup;
			children = (
				3AA74B0225826DD000EEC24E /* YCombinator News Reader.app */,
			);
			name = Products;
			sourceTree = "<group>";
		};
		3AA74B0425826DD000EEC24E /* YCombinator News Reader */ = {
			isa = PBXGroup;
			children = (
				3AA74B1A258275FD00EEC24E /* Models */,
				3AA74B0525826DD000EEC24E /* AppDelegate.swift */,
				3AA74B0725826DD000EEC24E /* SceneDelegate.swift */,
				3AA74B222583CC4F00EEC24E /* Views */,
				3AA74B0B25826DD100EEC24E /* Assets.xcassets */,
				3AA74B1025826DD100EEC24E /* LaunchScreen.storyboard */,
				3AA74B1325826DD100EEC24E /* Info.plist */,
				3AA74B0D25826DD100EEC24E /* Preview Content */,
			);
			path = "YCombinator News Reader";
			sourceTree = "<group>";
		};
		3AA74B0D25826DD100EEC24E /* Preview Content */ = {
			isa = PBXGroup;
			children = (
				3AA74B0E25826DD100EEC24E /* Preview Assets.xcassets */,
			);
			path = "Preview Content";
			sourceTree = "<group>";
		};
		3AA74B1A258275FD00EEC24E /* Models */ = {
			isa = PBXGroup;
			children = (
				3AA74B1B2582A83D00EEC24E /* NetworkManager.swift */,
				3AA74B1F25836D6B00EEC24E /* NewsList.swift */,
			);
			path = Models;
			sourceTree = "<group>";
		};
		3AA74B222583CC4F00EEC24E /* Views */ = {
			isa = PBXGroup;
			children = (
				3AA74B0925826DD000EEC24E /* ContentView.swift */,
				3AA74B252583D50200EEC24E /* DetailView.swift */,
				3AA74B2C2583E2B400EEC24E /* WebView.swift */,
			);
			path = Views;
			sourceTree = "<group>";
		};
/* End PBXGroup section */

/* Begin PBXNativeTarget section */
		3AA74B0125826DD000EEC24E /* YCombinator News Reader */ = {
			isa = PBXNativeTarget;
			buildConfigurationList = 3AA74B1625826DD100EEC24E /* Build configuration list for PBXNativeTarget "YCombinator News Reader" */;
			buildPhases = (
				3AA74AFE25826DD000EEC24E /* Sources */,
				3AA74AFF25826DD000EEC24E /* Frameworks */,
				3AA74B0025826DD000EEC24E /* Resources */,
			);
			buildRules = (
			);
			dependencies = (
			);
			name = "YCombinator News Reader";
			productName = "YCombinator News Reader";
			productReference = 3AA74B0225826DD000EEC24E /* YCombinator News Reader.app */;
			productType = "com.apple.product-type.application";
		};
/* End PBXNativeTarget section */

/* Begin PBXProject section */
		3AA74AFA25826DD000EEC24E /* Project object */ = {
			isa = PBXProject;
			attributes = {
				LastSwiftUpdateCheck = 1220;
				LastUpgradeCheck = 1220;
				TargetAttributes = {
					3AA74B0125826DD000EEC24E = {
						CreatedOnToolsVersion = 12.2;
					};
				};
			};
			buildConfigurationList = 3AA74AFD25826DD000EEC24E /* Build configuration list for PBXProject "YCombinator News Reader" */;
			compatibilityVersion = "Xcode 9.3";
			developmentRegion = en;
			hasScannedForEncodings = 0;
			knownRegions = (
				en,
				Base,
			);
			mainGroup = 3AA74AF925826DD000EEC24E;
			productRefGroup = 3AA74B0325826DD000EEC24E /* Products */;
			projectDirPath = "";
			projectRoot = "";
			targets = (
				3AA74B0125826DD000EEC24E /* YCombinator News Reader */,
			);
		};
/* End PBXProject section */

/* Begin PBXResourcesBuildPhase section */
		3AA74B0025826DD000EEC24E /* Resources */ = {
			isa = PBXResourcesBuildPhase;
			buildActionMask = 2147483647;
			files = (
				3AA74B1225826DD100EEC24E /* LaunchScreen.storyboard in Resources */,
				3AA74B0F25826DD100EEC24E /* Preview Assets.xcassets in Resources */,
				3AA74B0C25826DD100EEC24E /* Assets.xcassets in Resources */,
			);
			runOnlyForDeploymentPostprocessing = 0;
		};
/* End PBXResourcesBuildPhase section */

/* Begin PBXSourcesBuildPhase section */
		3AA74AFE25826DD000EEC24E /* Sources */ = {
			isa = PBXSourcesBuildPhase;
			buildActionMask = 2147483647;
			files = (
				3AA74B1C2582A83D00EEC24E /* NetworkManager.swift in Sources */,
				3AA74B262583D50300EEC24E /* DetailView.swift in Sources */,
				3AA74B2025836D6B00EEC24E /* NewsList.swift in Sources */,
				3AA74B0625826DD000EEC24E /* AppDelegate.swift in Sources */,
				3AA74B0825826DD000EEC24E /* SceneDelegate.swift in Sources */,
				3AA74B0A25826DD000EEC24E /* ContentView.swift in Sources */,
				3AA74B2D2583E2B400EEC24E /* WebView.swift in Sources */,
			);
			runOnlyForDeploymentPostprocessing = 0;
		};
/* End PBXSourcesBuildPhase section */

/* Begin PBXVariantGroup section */
		3AA74B1025826DD100EEC24E /* LaunchScreen.storyboard */ = {
			isa = PBXVariantGroup;
			children = (
				3AA74B1125826DD100EEC24E /* Base */,
			);
			name = LaunchScreen.storyboard;
			sourceTree = "<group>";
		};
/* End PBXVariantGroup section */

/* Begin XCBuildConfiguration section */
		3AA74B1425826DD100EEC24E /* Debug */ = {
			isa = XCBuildConfiguration;
			buildSettings = {
				ALWAYS_SEARCH_USER_PATHS = NO;
				CLANG_ANALYZER_NONNULL = YES;
				CLANG_ANALYZER_NUMBER_OBJECT_CONVERSION = YES_AGGRESSIVE;
				CLANG_CXX_LANGUAGE_STANDARD = "gnu++14";
				CLANG_CXX_LIBRARY = "libc++";
				CLANG_ENABLE_MODULES = YES;
				CLANG_ENABLE_OBJC_ARC = YES;
				CLANG_ENABLE_OBJC_WEAK = YES;
				CLANG_WARN_BLOCK_CAPTURE_AUTORELEASING = YES;
				CLANG_WARN_BOOL_CONVERSION = YES;
				CLANG_WARN_COMMA = YES;
				CLANG_WARN_CONSTANT_CONVERSION = YES;
				CLANG_WARN_DEPRECATED_OBJC_IMPLEMENTATIONS = YES;
				CLANG_WARN_DIRECT_OBJC_ISA_USAGE = YES_ERROR;
				CLANG_WARN_DOCUMENTATION_COMMENTS = YES;
				CLANG_WARN_EMPTY_BODY = YES;
				CLANG_WARN_ENUM_CONVERSION = YES;
				CLANG_WARN_INFINITE_RECURSION = YES;
				CLANG_WARN_INT_CONVERSION = YES;
				CLANG_WARN_NON_LITERAL_NULL_CONVERSION = YES;
				CLANG_WARN_OBJC_IMPLICIT_RETAIN_SELF = YES;
				CLANG_WARN_OBJC_LITERAL_CONVERSION = YES;
				CLANG_WARN_OBJC_ROOT_CLASS = YES_ERROR;
				CLANG_WARN_QUOTED_INCLUDE_IN_FRAMEWORK_HEADER = YES;
				CLANG_WARN_RANGE_LOOP_ANALYSIS = YES;
				CLANG_WARN_STRICT_PROTOTYPES = YES;
				CLANG_WARN_SUSPICIOUS_MOVE = YES;
				CLANG_WARN_UNGUARDED_AVAILABILITY = YES_AGGRESSIVE;
				CLANG_WARN_UNREACHABLE_CODE = YES;
				CLANG_WARN__DUPLICATE_METHOD_MATCH = YES;
				COPY_PHASE_STRIP = NO;
				DEBUG_INFORMATION_FORMAT = dwarf;
				ENABLE_STRICT_OBJC_MSGSEND = YES;
				ENABLE_TESTABILITY = YES;
				GCC_C_LANGUAGE_STANDARD = gnu11;
				GCC_DYNAMIC_NO_PIC = NO;
				GCC_NO_COMMON_BLOCKS = YES;
				GCC_OPTIMIZATION_LEVEL = 0;
				GCC_PREPROCESSOR_DEFINITIONS = (
					"DEBUG=1",
					"$(inherited)",
				);
				GCC_WARN_64_TO_32_BIT_CONVERSION = YES;
				GCC_WARN_ABOUT_RETURN_TYPE = YES_ERROR;
				GCC_WARN_UNDECLARED_SELECTOR = YES;
				GCC_WARN_UNINITIALIZED_AUTOS = YES_AGGRESSIVE;
				GCC_WARN_UNUSED_FUNCTION = YES;
				GCC_WARN_UNUSED_VARIABLE = YES;
				IPHONEOS_DEPLOYMENT_TARGET = 14.2;
				MTL_ENABLE_DEBUG_INFO = INCLUDE_SOURCE;
				MTL_FAST_MATH = YES;
				ONLY_ACTIVE_ARCH = YES;
				SDKROOT = iphoneos;
				SWIFT_ACTIVE_COMPILATION_CONDITIONS = DEBUG;
				SWIFT_OPTIMIZATION_LEVEL = "-Onone";
			};
			name = Debug;
		};
		3AA74B1525826DD100EEC24E /* Release */ = {
			isa = XCBuildConfiguration;
			buildSettings = {
				ALWAYS_SEARCH_USER_PATHS = NO;
				CLANG_ANALYZER_NONNULL = YES;
				CLANG_ANALYZER_NUMBER_OBJECT_CONVERSION = YES_AGGRESSIVE;
				CLANG_CXX_LANGUAGE_STANDARD = "gnu++14";
				CLANG_CXX_LIBRARY = "libc++";
				CLANG_ENABLE_MODULES = YES;
				CLANG_ENABLE_OBJC_ARC = YES;
				CLANG_ENABLE_OBJC_WEAK = YES;
				CLANG_WARN_BLOCK_CAPTURE_AUTORELEASING = YES;
				CLANG_WARN_BOOL_CONVERSION = YES;
				CLANG_WARN_COMMA = YES;
				CLANG_WARN_CONSTANT_CONVERSION = YES;
				CLANG_WARN_DEPRECATED_OBJC_IMPLEMENTATIONS = YES;
				CLANG_WARN_DIRECT_OBJC_ISA_USAGE = YES_ERROR;
				CLANG_WARN_DOCUMENTATION_COMMENTS = YES;
				CLANG_WARN_EMPTY_BODY = YES;
				CLANG_WARN_ENUM_CONVERSION = YES;
				CLANG_WARN_INFINITE_RECURSION = YES;
				CLANG_WARN_INT_CONVERSION = YES;
				CLANG_WARN_NON_LITERAL_NULL_CONVERSION = YES;
				CLANG_WARN_OBJC_IMPLICIT_RETAIN_SELF = YES;
				CLANG_WARN_OBJC_LITERAL_CONVERSION = YES;
				CLANG_WARN_OBJC_ROOT_CLASS = YES_ERROR;
				CLANG_WARN_QUOTED_INCLUDE_IN_FRAMEWORK_HEADER = YES;
				CLANG_WARN_RANGE_LOOP_ANALYSIS = YES;
				CLANG_WARN_STRICT_PROTOTYPES = YES;
				CLANG_WARN_SUSPICIOUS_MOVE = YES;
				CLANG_WARN_UNGUARDED_AVAILABILITY = YES_AGGRESSIVE;
				CLANG_WARN_UNREACHABLE_CODE = YES;
				CLANG_WARN__DUPLICATE_METHOD_MATCH = YES;
				COPY_PHASE_STRIP = NO;
				DEBUG_INFORMATION_FORMAT = "dwarf-with-dsym";
				ENABLE_NS_ASSERTIONS = NO;
				ENABLE_STRICT_OBJC_MSGSEND = YES;
				GCC_C_LANGUAGE_STANDARD = gnu11;
				GCC_NO_COMMON_BLOCKS = YES;
				GCC_WARN_64_TO_32_BIT_CONVERSION = YES;
				GCC_WARN_ABOUT_RETURN_TYPE = YES_ERROR;
				GCC_WARN_UNDECLARED_SELECTOR = YES;
				GCC_WARN_UNINITIALIZED_AUTOS = YES_AGGRESSIVE;
				GCC_WARN_UNUSED_FUNCTION = YES;
				GCC_WARN_UNUSED_VARIABLE = YES;
				IPHONEOS_DEPLOYMENT_TARGET = 14.2;
				MTL_ENABLE_DEBUG_INFO = NO;
				MTL_FAST_MATH = YES;
				SDKROOT = iphoneos;
				SWIFT_COMPILATION_MODE = wholemodule;
				SWIFT_OPTIMIZATION_LEVEL = "-O";
				VALIDATE_PRODUCT = YES;
			};
			name = Release;
		};
		3AA74B1725826DD100EEC24E /* Debug */ = {
			isa = XCBuildConfiguration;
			buildSettings = {
				ASSETCATALOG_COMPILER_APPICON_NAME = AppIcon;
				ASSETCATALOG_COMPILER_GLOBAL_ACCENT_COLOR_NAME = AccentColor;
				CODE_SIGN_STYLE = Automatic;
				DEVELOPMENT_ASSET_PATHS = "\"YCombinator News Reader/Preview Content\"";
				DEVELOPMENT_TEAM = H6CZQS4HR4;
				ENABLE_PREVIEWS = YES;
				INFOPLIST_FILE = "YCombinator News Reader/Info.plist";
				LD_RUNPATH_SEARCH_PATHS = (
					"$(inherited)",
					"@executable_path/Frameworks",
				);
				PRODUCT_BUNDLE_IDENTIFIER = "co.CodeScope.YCombinator-News-Reader";
				PRODUCT_NAME = "$(TARGET_NAME)";
				SWIFT_VERSION = 5.0;
				TARGETED_DEVICE_FAMILY = "1,2";
			};
			name = Debug;
		};
		3AA74B1825826DD100EEC24E /* Release */ = {
			isa = XCBuildConfiguration;
			buildSettings = {
				ASSETCATALOG_COMPILER_APPICON_NAME = AppIcon;
				ASSETCATALOG_COMPILER_GLOBAL_ACCENT_COLOR_NAME = AccentColor;
				CODE_SIGN_STYLE = Automatic;
				DEVELOPMENT_ASSET_PATHS = "\"YCombinator News Reader/Preview Content\"";
				DEVELOPMENT_TEAM = H6CZQS4HR4;
				ENABLE_PREVIEWS = YES;
				INFOPLIST_FILE = "YCombinator News Reader/Info.plist";
				LD_RUNPATH_SEARCH_PATHS = (
					"$(inherited)",
					"@executable_path/Frameworks",
				);
				PRODUCT_BUNDLE_IDENTIFIER = "co.CodeScope.YCombinator-News-Reader";
				PRODUCT_NAME = "$(TARGET_NAME)";
				SWIFT_VERSION = 5.0;
				TARGETED_DEVICE_FAMILY = "1,2";
			};
			name = Release;
		};
/* End XCBuildConfiguration section */

/* Begin XCConfigurationList section */
		3AA74AFD25826DD000EEC24E /* Build configuration list for PBXProject "YCombinator News Reader" */ = {
			isa = XCConfigurationList;
			buildConfigurations = (
				3AA74B1425826DD100EEC24E /* Debug */,
				3AA74B1525826DD100EEC24E /* Release */,
			);
			defaultConfigurationIsVisible = 0;
			defaultConfigurationName = Release;
		};
		3AA74B1625826DD100EEC24E /* Build configuration list for PBXNativeTarget "YCombinator News Reader" */ = {
			isa = XCConfigurationList;
			buildConfigurations = (
				3AA74B1725826DD100EEC24E /* Debug */,
				3AA74B1825826DD100EEC24E /* Release */,
			);
			defaultConfigurationIsVisible = 0;
			defaultConfigurationName = Release;
		};
/* End XCConfigurationList section */
	};
	rootObject = 3AA74AFA25826DD000EEC24E /* Project object */;
}
